// !$*UTF8*$!
{
	archiveVersion = 1;
	classes = {
	};
	objectVersion = 50;
	objects = {

/* Begin PBXBuildFile section */
		4910FAC6212288D3006DC826 /* AppDelegate.swift in Sources */ = {isa = PBXBuildFile; fileRef = 4910FAC5212288D3006DC826 /* AppDelegate.swift */; };
		4910FAC8212288D3006DC826 /* ViewController.swift in Sources */ = {isa = PBXBuildFile; fileRef = 4910FAC7212288D3006DC826 /* ViewController.swift */; };
		4910FACB212288D3006DC826 /* Main.storyboard in Resources */ = {isa = PBXBuildFile; fileRef = 4910FAC9212288D3006DC826 /* Main.storyboard */; };
		4910FACD212288D4006DC826 /* Assets.xcassets in Resources */ = {isa = PBXBuildFile; fileRef = 4910FACC212288D4006DC826 /* Assets.xcassets */; };
		4910FAD0212288D4006DC826 /* LaunchScreen.storyboard in Resources */ = {isa = PBXBuildFile; fileRef = 4910FACE212288D4006DC826 /* LaunchScreen.storyboard */; };
		4910FADA21228AC3006DC826 /* demoViewController.swift in Sources */ = {isa = PBXBuildFile; fileRef = 4910FAD921228AC3006DC826 /* demoViewController.swift */; };
		4910FADC2122901D006DC826 /* Best_NaviTransformAnimator.swift in Sources */ = {isa = PBXBuildFile; fileRef = 4910FADB2122901D006DC826 /* Best_NaviTransformAnimator.swift */; };
		49730E5A2126B4E400F26215 /* CustomPushAnimation.swift in Sources */ = {isa = PBXBuildFile; fileRef = 49730E592126B4E400F26215 /* CustomPushAnimation.swift */; };
		49730E5C2126B95F00F26215 /* CricleViewController.swift in Sources */ = {isa = PBXBuildFile; fileRef = 49730E5B2126B95F00F26215 /* CricleViewController.swift */; };
/* End PBXBuildFile section */

/* Begin PBXFileReference section */
		4910FAC2212288D3006DC826 /* navigationTransDemo.app */ = {isa = PBXFileReference; explicitFileType = wrapper.application; includeInIndex = 0; path = navigationTransDemo.app; sourceTree = BUILT_PRODUCTS_DIR; };
		4910FAC5212288D3006DC826 /* AppDelegate.swift */ = {isa = PBXFileReference; lastKnownFileType = sourcecode.swift; path = AppDelegate.swift; sourceTree = "<group>"; };
		4910FAC7212288D3006DC826 /* ViewController.swift */ = {isa = PBXFileReference; lastKnownFileType = sourcecode.swift; path = ViewController.swift; sourceTree = "<group>"; };
		4910FACA212288D3006DC826 /* Base */ = {isa = PBXFileReference; lastKnownFileType = file.storyboard; name = Base; path = Base.lproj/Main.storyboard; sourceTree = "<group>"; };
		4910FACC212288D4006DC826 /* Assets.xcassets */ = {isa = PBXFileReference; lastKnownFileType = folder.assetcatalog; path = Assets.xcassets; sourceTree = "<group>"; };
		4910FACF212288D4006DC826 /* Base */ = {isa = PBXFileReference; lastKnownFileType = file.storyboard; name = Base; path = Base.lproj/LaunchScreen.storyboard; sourceTree = "<group>"; };
		4910FAD1212288D4006DC826 /* Info.plist */ = {isa = PBXFileReference; lastKnownFileType = text.plist.xml; path = Info.plist; sourceTree = "<group>"; };
		4910FAD921228AC3006DC826 /* demoViewController.swift */ = {isa = PBXFileReference; lastKnownFileType = sourcecode.swift; path = demoViewController.swift; sourceTree = "<group>"; };
		4910FADB2122901D006DC826 /* Best_NaviTransformAnimator.swift */ = {isa = PBXFileReference; lastKnownFileType = sourcecode.swift; path = Best_NaviTransformAnimator.swift; sourceTree = "<group>"; };
		49730E592126B4E400F26215 /* CustomPushAnimation.swift */ = {isa = PBXFileReference; lastKnownFileType = sourcecode.swift; path = CustomPushAnimation.swift; sourceTree = "<group>"; };
		49730E5B2126B95F00F26215 /* CricleViewController.swift */ = {isa = PBXFileReference; lastKnownFileType = sourcecode.swift; path = CricleViewController.swift; sourceTree = "<group>"; };
/* End PBXFileReference section */

/* Begin PBXFrameworksBuildPhase section */
		4910FABF212288D3006DC826 /* Frameworks */ = {
			isa = PBXFrameworksBuildPhase;
			buildActionMask = 2147483647;
			files = (
			);
			runOnlyForDeploymentPostprocessing = 0;
		};
/* End PBXFrameworksBuildPhase section */

/* Begin PBXGroup section */
		4910FAB9212288D3006DC826 = {
			isa = PBXGroup;
			children = (
				4910FAC4212288D3006DC826 /* navigationTransDemo */,
				4910FAC3212288D3006DC826 /* Products */,
			);
			sourceTree = "<group>";
		};
		4910FAC3212288D3006DC826 /* Products */ = {
			isa = PBXGroup;
			children = (
				4910FAC2212288D3006DC826 /* navigationTransDemo.app */,
			);
			name = Products;
			sourceTree = "<group>";
		};
		4910FAC4212288D3006DC826 /* navigationTransDemo */ = {
			isa = PBXGroup;
			children = (
				4910FAC5212288D3006DC826 /* AppDelegate.swift */,
				4910FAC7212288D3006DC826 /* ViewController.swift */,
				4910FAD921228AC3006DC826 /* demoViewController.swift */,
				49730E592126B4E400F26215 /* CustomPushAnimation.swift */,
				4910FADB2122901D006DC826 /* Best_NaviTransformAnimator.swift */,
				49730E5B2126B95F00F26215 /* CricleViewController.swift */,
				4910FAC9212288D3006DC826 /* Main.storyboard */,
				4910FACC212288D4006DC826 /* Assets.xcassets */,
				4910FACE212288D4006DC826 /* LaunchScreen.storyboard */,
				4910FAD1212288D4006DC826 /* Info.plist */,
			);
			path = navigationTransDemo;
			sourceTree = "<group>";
		};
/* End PBXGroup section */

/* Begin PBXNativeTarget section */
		4910FAC1212288D3006DC826 /* navigationTransDemo */ = {
			isa = PBXNativeTarget;
			buildConfigurationList = 4910FAD4212288D4006DC826 /* Build configuration list for PBXNativeTarget "navigationTransDemo" */;
			buildPhases = (
				4910FABE212288D3006DC826 /* Sources */,
				4910FABF212288D3006DC826 /* Frameworks */,
				4910FAC0212288D3006DC826 /* Resources */,
			);
			buildRules = (
			);
			dependencies = (
			);
			name = navigationTransDemo;
			productName = navigationTransDemo;
			productReference = 4910FAC2212288D3006DC826 /* navigationTransDemo.app */;
			productType = "com.apple.product-type.application";
		};
/* End PBXNativeTarget section */

/* Begin PBXProject section */
		4910FABA212288D3006DC826 /* Project object */ = {
			isa = PBXProject;
			attributes = {
				LastSwiftUpdateCheck = 0930;
				LastUpgradeCheck = 0930;
				ORGANIZATIONNAME = "best su";
				TargetAttributes = {
					4910FAC1212288D3006DC826 = {
						CreatedOnToolsVersion = 9.3;
					};
				};
			};
			buildConfigurationList = 4910FABD212288D3006DC826 /* Build configuration list for PBXProject "navigationTransDemo" */;
			compatibilityVersion = "Xcode 9.3";
			developmentRegion = en;
			hasScannedForEncodings = 0;
			knownRegions = (
				en,
				Base,
			);
			mainGroup = 4910FAB9212288D3006DC826;
			productRefGroup = 4910FAC3212288D3006DC826 /* Products */;
			projectDirPath = "";
			projectRoot = "";
			targets = (
				4910FAC1212288D3006DC826 /* navigationTransDemo */,
			);
		};
/* End PBXProject section */

/* Begin PBXResourcesBuildPhase section */
		4910FAC0212288D3006DC826 /* Resources */ = {
			isa = PBXResourcesBuildPhase;
			buildActionMask = 2147483647;
			files = (
				4910FAD0212288D4006DC826 /* LaunchScreen.storyboard in Resources */,
				4910FACD212288D4006DC826 /* Assets.xcassets in Resources */,
				4910FACB212288D3006DC826 /* Main.storyboard in Resources */,
			);
			runOnlyForDeploymentPostprocessing = 0;
		};
/* End PBXResourcesBuildPhase section */

/* Begin PBXSourcesBuildPhase section */
		4910FABE212288D3006DC826 /* Sources */ = {
			isa = PBXSourcesBuildPhase;
			buildActionMask = 2147483647;
			files = (
				4910FAC8212288D3006DC826 /* ViewController.swift in Sources */,
				4910FAC6212288D3006DC826 /* AppDelegate.swift in Sources */,
				49730E5A2126B4E400F26215 /* CustomPushAnimation.swift in Sources */,
				4910FADC2122901D006DC826 /* Best_NaviTransformAnimator.swift in Sources */,
				49730E5C2126B95F00F26215 /* CricleViewController.swift in Sources */,
				4910FADA21228AC3006DC826 /* demoViewController.swift in Sources */,
			);
			runOnlyForDeploymentPostprocessing = 0;
		};
/* End PBXSourcesBuildPhase section */

/* Begin PBXVariantGroup section */
		4910FAC9212288D3006DC826 /* Main.storyboard */ = {
			isa = PBXVariantGroup;
			children = (
				4910FACA212288D3006DC826 /* Base */,
			);
			name = Main.storyboard;
			sourceTree = "<group>";
		};
		4910FACE212288D4006DC826 /* LaunchScreen.storyboard */ = {
			isa = PBXVariantGroup;
			children = (
				4910FACF212288D4006DC826 /* Base */,
			);
			name = LaunchScreen.storyboard;
			sourceTree = "<group>";
		};
/* End PBXVariantGroup section */

/* Begin XCBuildConfiguration section */
		4910FAD2212288D4006DC826 /* Debug */ = {
			isa = XCBuildConfiguration;
			buildSettings = {
				ALWAYS_SEARCH_USER_PATHS = NO;
				CLANG_ANALYZER_NONNULL = YES;
				CLANG_ANALYZER_NUMBER_OBJECT_CONVERSION = YES_AGGRESSIVE;
				CLANG_CXX_LANGUAGE_STANDARD = "gnu++14";
				CLANG_CXX_LIBRARY = "libc++";
				CLANG_ENABLE_MODULES = YES;
				CLANG_ENABLE_OBJC_ARC = YES;
				CLANG_ENABLE_OBJC_WEAK = YES;
				CLANG_WARN_BLOCK_CAPTURE_AUTORELEASING = YES;
				CLANG_WARN_BOOL_CONVERSION = YES;
				CLANG_WARN_COMMA = YES;
				CLANG_WARN_CONSTANT_CONVERSION = YES;
				CLANG_WARN_DEPRECATED_OBJC_IMPLEMENTATIONS = YES;
				CLANG_WARN_DIRECT_OBJC_ISA_USAGE = YES_ERROR;
				CLANG_WARN_DOCUMENTATION_COMMENTS = YES;
				CLANG_WARN_EMPTY_BODY = YES;
				CLANG_WARN_ENUM_CONVERSION = YES;
				CLANG_WARN_INFINITE_RECURSION = YES;
				CLANG_WARN_INT_CONVERSION = YES;
				CLANG_WARN_NON_LITERAL_NULL_CONVERSION = YES;
				CLANG_WARN_OBJC_IMPLICIT_RETAIN_SELF = YES;
				CLANG_WARN_OBJC_LITERAL_CONVERSION = YES;
				CLANG_WARN_OBJC_ROOT_CLASS = YES_ERROR;
				CLANG_WARN_RANGE_LOOP_ANALYSIS = YES;
				CLANG_WARN_STRICT_PROTOTYPES = YES;
				CLANG_WARN_SUSPICIOUS_MOVE = YES;
				CLANG_WARN_UNGUARDED_AVAILABILITY = YES_AGGRESSIVE;
				CLANG_WARN_UNREACHABLE_CODE = YES;
				CLANG_WARN__DUPLICATE_METHOD_MATCH = YES;
				CODE_SIGN_IDENTITY = "iPhone Developer";
				COPY_PHASE_STRIP = NO;
				DEBUG_INFORMATION_FORMAT = dwarf;
				ENABLE_STRICT_OBJC_MSGSEND = YES;
				ENABLE_TESTABILITY = YES;
				GCC_C_LANGUAGE_STANDARD = gnu11;
				GCC_DYNAMIC_NO_PIC = NO;
				GCC_NO_COMMON_BLOCKS = YES;
				GCC_OPTIMIZATION_LEVEL = 0;
				GCC_PREPROCESSOR_DEFINITIONS = (
					"DEBUG=1",
					"$(inherited)",
				);
				GCC_WARN_64_TO_32_BIT_CONVERSION = YES;
				GCC_WARN_ABOUT_RETURN_TYPE = YES_ERROR;
				GCC_WARN_UNDECLARED_SELECTOR = YES;
				GCC_WARN_UNINITIALIZED_AUTOS = YES_AGGRESSIVE;
				GCC_WARN_UNUSED_FUNCTION = YES;
				GCC_WARN_UNUSED_VARIABLE = YES;
				IPHONEOS_DEPLOYMENT_TARGET = 11.3;
				MTL_ENABLE_DEBUG_INFO = YES;
				ONLY_ACTIVE_ARCH = YES;
				SDKROOT = iphoneos;
				SWIFT_ACTIVE_COMPILATION_CONDITIONS = DEBUG;
				SWIFT_OPTIMIZATION_LEVEL = "-Onone";
			};
			name = Debug;
		};
		4910FAD3212288D4006DC826 /* Release */ = {
			isa = XCBuildConfiguration;
			buildSettings = {
				ALWAYS_SEARCH_USER_PATHS = NO;
				CLANG_ANALYZER_NONNULL = YES;
				CLANG_ANALYZER_NUMBER_OBJECT_CONVERSION = YES_AGGRESSIVE;
				CLANG_CXX_LANGUAGE_STANDARD = "gnu++14";
				CLANG_CXX_LIBRARY = "libc++";
				CLANG_ENABLE_MODULES = YES;
				CLANG_ENABLE_OBJC_ARC = YES;
				CLANG_ENABLE_OBJC_WEAK = YES;
				CLANG_WARN_BLOCK_CAPTURE_AUTORELEASING = YES;
				CLANG_WARN_BOOL_CONVERSION = YES;
				CLANG_WARN_COMMA = YES;
				CLANG_WARN_CONSTANT_CONVERSION = YES;
				CLANG_WARN_DEPRECATED_OBJC_IMPLEMENTATIONS = YES;
				CLANG_WARN_DIRECT_OBJC_ISA_USAGE = YES_ERROR;
				CLANG_WARN_DOCUMENTATION_COMMENTS = YES;
				CLANG_WARN_EMPTY_BODY = YES;
				CLANG_WARN_ENUM_CONVERSION = YES;
				CLANG_WARN_INFINITE_RECURSION = YES;
				CLANG_WARN_INT_CONVERSION = YES;
				CLANG_WARN_NON_LITERAL_NULL_CONVERSION = YES;
				CLANG_WARN_OBJC_IMPLICIT_RETAIN_SELF = YES;
				CLANG_WARN_OBJC_LITERAL_CONVERSION = YES;
				CLANG_WARN_OBJC_ROOT_CLASS = YES_ERROR;
				CLANG_WARN_RANGE_LOOP_ANALYSIS = YES;
				CLANG_WARN_STRICT_PROTOTYPES = YES;
				CLANG_WARN_SUSPICIOUS_MOVE = YES;
				CLANG_WARN_UNGUARDED_AVAILABILITY = YES_AGGRESSIVE;
				CLANG_WARN_UNREACHABLE_CODE = YES;
				CLANG_WARN__DUPLICATE_METHOD_MATCH = YES;
				CODE_SIGN_IDENTITY = "iPhone Developer";
				COPY_PHASE_STRIP = NO;
				DEBUG_INFORMATION_FORMAT = "dwarf-with-dsym";
				ENABLE_NS_ASSERTIONS = NO;
				ENABLE_STRICT_OBJC_MSGSEND = YES;
				GCC_C_LANGUAGE_STANDARD = gnu11;
				GCC_NO_COMMON_BLOCKS = YES;
				GCC_WARN_64_TO_32_BIT_CONVERSION = YES;
				GCC_WARN_ABOUT_RETURN_TYPE = YES_ERROR;
				GCC_WARN_UNDECLARED_SELECTOR = YES;
				GCC_WARN_UNINITIALIZED_AUTOS = YES_AGGRESSIVE;
				GCC_WARN_UNUSED_FUNCTION = YES;
				GCC_WARN_UNUSED_VARIABLE = YES;
				IPHONEOS_DEPLOYMENT_TARGET = 11.3;
				MTL_ENABLE_DEBUG_INFO = NO;
				SDKROOT = iphoneos;
				SWIFT_COMPILATION_MODE = wholemodule;
				SWIFT_OPTIMIZATION_LEVEL = "-O";
				VALIDATE_PRODUCT = YES;
			};
			name = Release;
		};
		4910FAD5212288D4006DC826 /* Debug */ = {
			isa = XCBuildConfiguration;
			buildSettings = {
				ASSETCATALOG_COMPILER_APPICON_NAME = AppIcon;
				CODE_SIGN_STYLE = Automatic;
				DEVELOPMENT_TEAM = NKTH3379KW;
				INFOPLIST_FILE = navigationTransDemo/Info.plist;
				LD_RUNPATH_SEARCH_PATHS = (
					"$(inherited)",
					"@executable_path/Frameworks",
				);
				PRODUCT_BUNDLE_IDENTIFIER = com.su.navigationTransDemo;
				PRODUCT_NAME = "$(TARGET_NAME)";
				SWIFT_VERSION = 4.0;
				TARGETED_DEVICE_FAMILY = "1,2";
			};
			name = Debug;
		};
		4910FAD6212288D4006DC826 /* Release */ = {
			isa = XCBuildConfiguration;
			buildSettings = {
				ASSETCATALOG_COMPILER_APPICON_NAME = AppIcon;
				CODE_SIGN_STYLE = Automatic;
				DEVELOPMENT_TEAM = NKTH3379KW;
				INFOPLIST_FILE = navigationTransDemo/Info.plist;
				LD_RUNPATH_SEARCH_PATHS = (
					"$(inherited)",
					"@executable_path/Frameworks",
				);
				PRODUCT_BUNDLE_IDENTIFIER = com.su.navigationTransDemo;
				PRODUCT_NAME = "$(TARGET_NAME)";
				SWIFT_VERSION = 4.0;
				TARGETED_DEVICE_FAMILY = "1,2";
			};
			name = Release;
		};
/* End XCBuildConfiguration section */

/* Begin XCConfigurationList section */
		4910FABD212288D3006DC826 /* Build configuration list for PBXProject "navigationTransDemo" */ = {
			isa = XCConfigurationList;
			buildConfigurations = (
				4910FAD2212288D4006DC826 /* Debug */,
				4910FAD3212288D4006DC826 /* Release */,
			);
			defaultConfigurationIsVisible = 0;
			defaultConfigurationName = Release;
		};
		4910FAD4212288D4006DC826 /* Build configuration list for PBXNativeTarget "navigationTransDemo" */ = {
			isa = XCConfigurationList;
			buildConfigurations = (
				4910FAD5212288D4006DC826 /* Debug */,
				4910FAD6212288D4006DC826 /* Release */,
			);
			defaultConfigurationIsVisible = 0;
			defaultConfigurationName = Release;
		};
/* End XCConfigurationList section */
	};
	rootObject = 4910FABA212288D3006DC826 /* Project object */;
}
